// !$*UTF8*$!
{
	archiveVersion = 1;
	classes = {
	};
	objectVersion = 46;
	objects = {

/* Begin PBXBuildFile section */
		9524AFA01E3AF1F20014392D /* MyTableCell.swift in Sources */ = {isa = PBXBuildFile; fileRef = 9524AF9F1E3AF1F20014392D /* MyTableCell.swift */; };
		9524AFA21E3AF3440014392D /* TaskerTabelVC.swift in Sources */ = {isa = PBXBuildFile; fileRef = 9524AFA11E3AF3440014392D /* TaskerTabelVC.swift */; };
		9524AFA41E40106F0014392D /* NewTaskVC.swift in Sources */ = {isa = PBXBuildFile; fileRef = 9524AFA31E40106F0014392D /* NewTaskVC.swift */; };
		9524AFA61E402EB50014392D /* ViewTaskVC.swift in Sources */ = {isa = PBXBuildFile; fileRef = 9524AFA51E402EB50014392D /* ViewTaskVC.swift */; };
		953FF9E51E33C5C8001BBA0E /* AppDelegate.swift in Sources */ = {isa = PBXBuildFile; fileRef = 953FF9E41E33C5C8001BBA0E /* AppDelegate.swift */; };
		953FF9E71E33C5C8001BBA0E /* ViewController.swift in Sources */ = {isa = PBXBuildFile; fileRef = 953FF9E61E33C5C8001BBA0E /* ViewController.swift */; };
		953FF9EA1E33C5C8001BBA0E /* Main.storyboard in Resources */ = {isa = PBXBuildFile; fileRef = 953FF9E81E33C5C8001BBA0E /* Main.storyboard */; };
		953FF9EC1E33C5C8001BBA0E /* Assets.xcassets in Resources */ = {isa = PBXBuildFile; fileRef = 953FF9EB1E33C5C8001BBA0E /* Assets.xcassets */; };
		953FF9EF1E33C5C8001BBA0E /* LaunchScreen.storyboard in Resources */ = {isa = PBXBuildFile; fileRef = 953FF9ED1E33C5C8001BBA0E /* LaunchScreen.storyboard */; };
/* End PBXBuildFile section */

/* Begin PBXFileReference section */
		9524AF9F1E3AF1F20014392D /* MyTableCell.swift */ = {isa = PBXFileReference; fileEncoding = 4; lastKnownFileType = sourcecode.swift; path = MyTableCell.swift; sourceTree = "<group>"; };
		9524AFA11E3AF3440014392D /* TaskerTabelVC.swift */ = {isa = PBXFileReference; fileEncoding = 4; lastKnownFileType = sourcecode.swift; path = TaskerTabelVC.swift; sourceTree = "<group>"; };
		9524AFA31E40106F0014392D /* NewTaskVC.swift */ = {isa = PBXFileReference; fileEncoding = 4; lastKnownFileType = sourcecode.swift; path = NewTaskVC.swift; sourceTree = "<group>"; };
		9524AFA51E402EB50014392D /* ViewTaskVC.swift */ = {isa = PBXFileReference; fileEncoding = 4; lastKnownFileType = sourcecode.swift; path = ViewTaskVC.swift; sourceTree = "<group>"; };
		953FF9E11E33C5C8001BBA0E /* tasker.app */ = {isa = PBXFileReference; explicitFileType = wrapper.application; includeInIndex = 0; path = tasker.app; sourceTree = BUILT_PRODUCTS_DIR; };
		953FF9E41E33C5C8001BBA0E /* AppDelegate.swift */ = {isa = PBXFileReference; lastKnownFileType = sourcecode.swift; path = AppDelegate.swift; sourceTree = "<group>"; };
		953FF9E61E33C5C8001BBA0E /* ViewController.swift */ = {isa = PBXFileReference; lastKnownFileType = sourcecode.swift; path = ViewController.swift; sourceTree = "<group>"; };
		953FF9E91E33C5C8001BBA0E /* Base */ = {isa = PBXFileReference; lastKnownFileType = file.storyboard; name = Base; path = Base.lproj/Main.storyboard; sourceTree = "<group>"; };
		953FF9EB1E33C5C8001BBA0E /* Assets.xcassets */ = {isa = PBXFileReference; lastKnownFileType = folder.assetcatalog; path = Assets.xcassets; sourceTree = "<group>"; };
		953FF9EE1E33C5C8001BBA0E /* Base */ = {isa = PBXFileReference; lastKnownFileType = file.storyboard; name = Base; path = Base.lproj/LaunchScreen.storyboard; sourceTree = "<group>"; };
		953FF9F01E33C5C8001BBA0E /* Info.plist */ = {isa = PBXFileReference; lastKnownFileType = text.plist.xml; path = Info.plist; sourceTree = "<group>"; };
/* End PBXFileReference section */

/* Begin PBXFrameworksBuildPhase section */
		953FF9DE1E33C5C8001BBA0E /* Frameworks */ = {
			isa = PBXFrameworksBuildPhase;
			buildActionMask = 2147483647;
			files = (
			);
			runOnlyForDeploymentPostprocessing = 0;
		};
/* End PBXFrameworksBuildPhase section */

/* Begin PBXGroup section */
		953FF9D81E33C5C8001BBA0E = {
			isa = PBXGroup;
			children = (
				953FF9E31E33C5C8001BBA0E /* tasker */,
				953FF9E21E33C5C8001BBA0E /* Products */,
			);
			sourceTree = "<group>";
		};
		953FF9E21E33C5C8001BBA0E /* Products */ = {
			isa = PBXGroup;
			children = (
				953FF9E11E33C5C8001BBA0E /* tasker.app */,
			);
			name = Products;
			sourceTree = "<group>";
		};
		953FF9E31E33C5C8001BBA0E /* tasker */ = {
			isa = PBXGroup;
			children = (
				953FF9E41E33C5C8001BBA0E /* AppDelegate.swift */,
				953FF9E61E33C5C8001BBA0E /* ViewController.swift */,
				953FF9E81E33C5C8001BBA0E /* Main.storyboard */,
				9524AFA51E402EB50014392D /* ViewTaskVC.swift */,
				9524AFA31E40106F0014392D /* NewTaskVC.swift */,
				9524AFA11E3AF3440014392D /* TaskerTabelVC.swift */,
				9524AF9F1E3AF1F20014392D /* MyTableCell.swift */,
				953FF9EB1E33C5C8001BBA0E /* Assets.xcassets */,
				953FF9ED1E33C5C8001BBA0E /* LaunchScreen.storyboard */,
				953FF9F01E33C5C8001BBA0E /* Info.plist */,
			);
			path = tasker;
			sourceTree = "<group>";
		};
/* End PBXGroup section */

/* Begin PBXNativeTarget section */
		953FF9E01E33C5C8001BBA0E /* tasker */ = {
			isa = PBXNativeTarget;
			buildConfigurationList = 953FF9F31E33C5C8001BBA0E /* Build configuration list for PBXNativeTarget "tasker" */;
			buildPhases = (
				953FF9DD1E33C5C8001BBA0E /* Sources */,
				953FF9DE1E33C5C8001BBA0E /* Frameworks */,
				953FF9DF1E33C5C8001BBA0E /* Resources */,
			);
			buildRules = (
			);
			dependencies = (
			);
			name = tasker;
			productName = tasker;
			productReference = 953FF9E11E33C5C8001BBA0E /* tasker.app */;
			productType = "com.apple.product-type.application";
		};
/* End PBXNativeTarget section */

/* Begin PBXProject section */
		953FF9D91E33C5C8001BBA0E /* Project object */ = {
			isa = PBXProject;
			attributes = {
				LastSwiftUpdateCheck = 0820;
				LastUpgradeCheck = 0820;
				ORGANIZATIONNAME = "Cliff Choiniere";
				TargetAttributes = {
					953FF9E01E33C5C8001BBA0E = {
						CreatedOnToolsVersion = 8.2.1;
						DevelopmentTeam = 7FLEGQVD9N;
						ProvisioningStyle = Automatic;
					};
				};
			};
			buildConfigurationList = 953FF9DC1E33C5C8001BBA0E /* Build configuration list for PBXProject "tasker" */;
			compatibilityVersion = "Xcode 3.2";
			developmentRegion = English;
			hasScannedForEncodings = 0;
			knownRegions = (
				en,
				Base,
			);
			mainGroup = 953FF9D81E33C5C8001BBA0E;
			productRefGroup = 953FF9E21E33C5C8001BBA0E /* Products */;
			projectDirPath = "";
			projectRoot = "";
			targets = (
				953FF9E01E33C5C8001BBA0E /* tasker */,
			);
		};
/* End PBXProject section */

/* Begin PBXResourcesBuildPhase section */
		953FF9DF1E33C5C8001BBA0E /* Resources */ = {
			isa = PBXResourcesBuildPhase;
			buildActionMask = 2147483647;
			files = (
				953FF9EF1E33C5C8001BBA0E /* LaunchScreen.storyboard in Resources */,
				953FF9EC1E33C5C8001BBA0E /* Assets.xcassets in Resources */,
				953FF9EA1E33C5C8001BBA0E /* Main.storyboard in Resources */,
			);
			runOnlyForDeploymentPostprocessing = 0;
		};
/* End PBXResourcesBuildPhase section */

/* Begin PBXSourcesBuildPhase section */
		953FF9DD1E33C5C8001BBA0E /* Sources */ = {
			isa = PBXSourcesBuildPhase;
			buildActionMask = 2147483647;
			files = (
				9524AFA61E402EB50014392D /* ViewTaskVC.swift in Sources */,
				953FF9E71E33C5C8001BBA0E /* ViewController.swift in Sources */,
				9524AFA21E3AF3440014392D /* TaskerTabelVC.swift in Sources */,
				9524AFA41E40106F0014392D /* NewTaskVC.swift in Sources */,
				953FF9E51E33C5C8001BBA0E /* AppDelegate.swift in Sources */,
				9524AFA01E3AF1F20014392D /* MyTableCell.swift in Sources */,
			);
			runOnlyForDeploymentPostprocessing = 0;
		};
/* End PBXSourcesBuildPhase section */

/* Begin PBXVariantGroup section */
		953FF9E81E33C5C8001BBA0E /* Main.storyboard */ = {
			isa = PBXVariantGroup;
			children = (
				953FF9E91E33C5C8001BBA0E /* Base */,
			);
			name = Main.storyboard;
			sourceTree = "<group>";
		};
		953FF9ED1E33C5C8001BBA0E /* LaunchScreen.storyboard */ = {
			isa = PBXVariantGroup;
			children = (
				953FF9EE1E33C5C8001BBA0E /* Base */,
			);
			name = LaunchScreen.storyboard;
			sourceTree = "<group>";
		};
/* End PBXVariantGroup section */

/* Begin XCBuildConfiguration section */
		953FF9F11E33C5C8001BBA0E /* Debug */ = {
			isa = XCBuildConfiguration;
			buildSettings = {
				ALWAYS_SEARCH_USER_PATHS = NO;
				CLANG_ANALYZER_NONNULL = YES;
				CLANG_CXX_LANGUAGE_STANDARD = "gnu++0x";
				CLANG_CXX_LIBRARY = "libc++";
				CLANG_ENABLE_MODULES = YES;
				CLANG_ENABLE_OBJC_ARC = YES;
				CLANG_WARN_BOOL_CONVERSION = YES;
				CLANG_WARN_CONSTANT_CONVERSION = YES;
				CLANG_WARN_DIRECT_OBJC_ISA_USAGE = YES_ERROR;
				CLANG_WARN_DOCUMENTATION_COMMENTS = YES;
				CLANG_WARN_EMPTY_BODY = YES;
				CLANG_WARN_ENUM_CONVERSION = YES;
				CLANG_WARN_INFINITE_RECURSION = YES;
				CLANG_WARN_INT_CONVERSION = YES;
				CLANG_WARN_OBJC_ROOT_CLASS = YES_ERROR;
				CLANG_WARN_SUSPICIOUS_MOVE = YES;
				CLANG_WARN_UNREACHABLE_CODE = YES;
				CLANG_WARN__DUPLICATE_METHOD_MATCH = YES;
				"CODE_SIGN_IDENTITY[sdk=iphoneos*]" = "iPhone Developer";
				COPY_PHASE_STRIP = NO;
				DEBUG_INFORMATION_FORMAT = dwarf;
				ENABLE_STRICT_OBJC_MSGSEND = YES;
				ENABLE_TESTABILITY = YES;
				GCC_C_LANGUAGE_STANDARD = gnu99;
				GCC_DYNAMIC_NO_PIC = NO;
				GCC_NO_COMMON_BLOCKS = YES;
				GCC_OPTIMIZATION_LEVEL = 0;
				GCC_PREPROCESSOR_DEFINITIONS = (
					"DEBUG=1",
					"$(inherited)",
				);
				GCC_WARN_64_TO_32_BIT_CONVERSION = YES;
				GCC_WARN_ABOUT_RETURN_TYPE = YES_ERROR;
				GCC_WARN_UNDECLARED_SELECTOR = YES;
				GCC_WARN_UNINITIALIZED_AUTOS = YES_AGGRESSIVE;
				GCC_WARN_UNUSED_FUNCTION = YES;
				GCC_WARN_UNUSED_VARIABLE = YES;
				IPHONEOS_DEPLOYMENT_TARGET = 10.2;
				MTL_ENABLE_DEBUG_INFO = YES;
				ONLY_ACTIVE_ARCH = YES;
				SDKROOT = iphoneos;
				SWIFT_ACTIVE_COMPILATION_CONDITIONS = DEBUG;
				SWIFT_OPTIMIZATION_LEVEL = "-Onone";
				TARGETED_DEVICE_FAMILY = "1,2";
			};
			name = Debug;
		};
		953FF9F21E33C5C8001BBA0E /* Release */ = {
			isa = XCBuildConfiguration;
			buildSettings = {
				ALWAYS_SEARCH_USER_PATHS = NO;
				CLANG_ANALYZER_NONNULL = YES;
				CLANG_CXX_LANGUAGE_STANDARD = "gnu++0x";
				CLANG_CXX_LIBRARY = "libc++";
				CLANG_ENABLE_MODULES = YES;
				CLANG_ENABLE_OBJC_ARC = YES;
				CLANG_WARN_BOOL_CONVERSION = YES;
				CLANG_WARN_CONSTANT_CONVERSION = YES;
				CLANG_WARN_DIRECT_OBJC_ISA_USAGE = YES_ERROR;
				CLANG_WARN_DOCUMENTATION_COMMENTS = YES;
				CLANG_WARN_EMPTY_BODY = YES;
				CLANG_WARN_ENUM_CONVERSION = YES;
				CLANG_WARN_INFINITE_RECURSION = YES;
				CLANG_WARN_INT_CONVERSION = YES;
				CLANG_WARN_OBJC_ROOT_CLASS = YES_ERROR;
				CLANG_WARN_SUSPICIOUS_MOVE = YES;
				CLANG_WARN_UNREACHABLE_CODE = YES;
				CLANG_WARN__DUPLICATE_METHOD_MATCH = YES;
				"CODE_SIGN_IDENTITY[sdk=iphoneos*]" = "iPhone Developer";
				COPY_PHASE_STRIP = NO;
				DEBUG_INFORMATION_FORMAT = "dwarf-with-dsym";
				ENABLE_NS_ASSERTIONS = NO;
				ENABLE_STRICT_OBJC_MSGSEND = YES;
				GCC_C_LANGUAGE_STANDARD = gnu99;
				GCC_NO_COMMON_BLOCKS = YES;
				GCC_WARN_64_TO_32_BIT_CONVERSION = YES;
				GCC_WARN_ABOUT_RETURN_TYPE = YES_ERROR;
				GCC_WARN_UNDECLARED_SELECTOR = YES;
				GCC_WARN_UNINITIALIZED_AUTOS = YES_AGGRESSIVE;
				GCC_WARN_UNUSED_FUNCTION = YES;
				GCC_WARN_UNUSED_VARIABLE = YES;
				IPHONEOS_DEPLOYMENT_TARGET = 10.2;
				MTL_ENABLE_DEBUG_INFO = NO;
				SDKROOT = iphoneos;
				SWIFT_OPTIMIZATION_LEVEL = "-Owholemodule";
				TARGETED_DEVICE_FAMILY = "1,2";
				VALIDATE_PRODUCT = YES;
			};
			name = Release;
		};
		953FF9F41E33C5C8001BBA0E /* Debug */ = {
			isa = XCBuildConfiguration;
			buildSettings = {
				ASSETCATALOG_COMPILER_APPICON_NAME = AppIcon;
				DEVELOPMENT_TEAM = 7FLEGQVD9N;
				INFOPLIST_FILE = tasker/Info.plist;
				LD_RUNPATH_SEARCH_PATHS = "$(inherited) @executable_path/Frameworks";
				PRODUCT_BUNDLE_IDENTIFIER = com.3csonline.tasker;
				PRODUCT_NAME = "$(TARGET_NAME)";
				SWIFT_VERSION = 3.0;
			};
			name = Debug;
		};
		953FF9F51E33C5C8001BBA0E /* Release */ = {
			isa = XCBuildConfiguration;
			buildSettings = {
				ASSETCATALOG_COMPILER_APPICON_NAME = AppIcon;
				DEVELOPMENT_TEAM = 7FLEGQVD9N;
				INFOPLIST_FILE = tasker/Info.plist;
				LD_RUNPATH_SEARCH_PATHS = "$(inherited) @executable_path/Frameworks";
				PRODUCT_BUNDLE_IDENTIFIER = com.3csonline.tasker;
				PRODUCT_NAME = "$(TARGET_NAME)";
				SWIFT_VERSION = 3.0;
			};
			name = Release;
		};
/* End XCBuildConfiguration section */

/* Begin XCConfigurationList section */
		953FF9DC1E33C5C8001BBA0E /* Build configuration list for PBXProject "tasker" */ = {
			isa = XCConfigurationList;
			buildConfigurations = (
				953FF9F11E33C5C8001BBA0E /* Debug */,
				953FF9F21E33C5C8001BBA0E /* Release */,
			);
			defaultConfigurationIsVisible = 0;
			defaultConfigurationName = Release;
		};
		953FF9F31E33C5C8001BBA0E /* Build configuration list for PBXNativeTarget "tasker" */ = {
			isa = XCConfigurationList;
			buildConfigurations = (
				953FF9F41E33C5C8001BBA0E /* Debug */,
				953FF9F51E33C5C8001BBA0E /* Release */,
			);
			defaultConfigurationIsVisible = 0;
			defaultConfigurationName = Release;
		};
/* End XCConfigurationList section */
	};
	rootObject = 953FF9D91E33C5C8001BBA0E /* Project object */;
}
